
Microsoft Visual Studio Solution File, Format Version 12.00
# Visual Studio Version 16
VisualStudioVersion = 16.0.30320.27
MinimumVisualStudioVersion = 10.0.40219.1
Project("{FAE04EC0-301F-11D3-BF4B-00C04F79EFBC}") = "SECgovDataImport", "SECgovDataImport\SECgovDataImport.csproj", "{627EBB7C-6895-4BB3-AC01-B9DD67B129C9}"
EndProject
Global
	GlobalSection(SolutionConfigurationPlatforms) = preSolution
		Debug|Any CPU = Debug|Any CPU
		Release|Any CPU = Release|Any CPU
	EndGlobalSection
	GlobalSection(ProjectConfigurationPlatforms) = postSolution
		{627EBB7C-6895-4BB3-AC01-B9DD67B129C9}.Debug|Any CPU.ActiveCfg = Debug|Any CPU
		{627EBB7C-6895-4BB3-AC01-B9DD67B129C9}.Debug|Any CPU.Build.0 = Debug|Any CPU
		{627EBB7C-6895-4BB3-AC01-B9DD67B129C9}.Release|Any CPU.ActiveCfg = Release|Any CPU
		{627EBB7C-6895-4BB3-AC01-B9DD67B129C9}.Release|Any CPU.Build.0 = Release|Any CPU
	EndGlobalSection
	GlobalSection(SolutionProperties) = preSolution
		HideSolutionNode = FALSE
	EndGlobalSection
	GlobalSection(ExtensibilityGlobals) = postSolution
		SolutionGuid = {2619408F-CB32-4BF9-8011-FEF083529C7E}
	EndGlobalSection
EndGlobal
